
Microsoft Visual Studio Solution File, Format Version 12.00
# Visual Studio 15
VisualStudioVersion = 15.0.28307.168
MinimumVisualStudioVersion = 10.0.40219.1
Project("{FAE04EC0-301F-11D3-BF4B-00C04F79EFBC}") = "LearningASync", "LearningASync\LearningASync.csproj", "{936AC81D-AC42-4CC8-B60A-EE33E6853CDE}"
EndProject
Global
	GlobalSection(SolutionConfigurationPlatforms) = preSolution
		Debug|Any CPU = Debug|Any CPU
		Release|Any CPU = Release|Any CPU
	EndGlobalSection
	GlobalSection(ProjectConfigurationPlatforms) = postSolution
		{936AC81D-AC42-4CC8-B60A-EE33E6853CDE}.Debug|Any CPU.ActiveCfg = Debug|Any CPU
		{936AC81D-AC42-4CC8-B60A-EE33E6853CDE}.Debug|Any CPU.Build.0 = Debug|Any CPU
		{936AC81D-AC42-4CC8-B60A-EE33E6853CDE}.Release|Any CPU.ActiveCfg = Release|Any CPU
		{936AC81D-AC42-4CC8-B60A-EE33E6853CDE}.Release|Any CPU.Build.0 = Release|Any CPU
	EndGlobalSection
	GlobalSection(SolutionProperties) = preSolution
		HideSolutionNode = FALSE
	EndGlobalSection
	GlobalSection(ExtensibilityGlobals) = postSolution
		SolutionGuid = {7CDA5336-11CF-4106-BF28-102EA2047F6F}
	EndGlobalSection
EndGlobal
